// !$*UTF8*$!
{
	archiveVersion = 1;
	classes = {
	};
	objectVersion = 51;
	objects = {

/* Begin PBXBuildFile section */
		2A95E90E0C3BC98341A429EF /* Pods_NetworkCourseWork.framework in Frameworks */ = {isa = PBXBuildFile; fileRef = 313440F3BD51D16C01B0D7D6 /* Pods_NetworkCourseWork.framework */; };
		AC1E31BE25C0395300BF80F2 /* AppDelegate.swift in Sources */ = {isa = PBXBuildFile; fileRef = AC1E31BD25C0395300BF80F2 /* AppDelegate.swift */; };
		AC1E31C525C0395300BF80F2 /* Main.storyboard in Resources */ = {isa = PBXBuildFile; fileRef = AC1E31C325C0395300BF80F2 /* Main.storyboard */; };
		AC1E31C725C0395300BF80F2 /* Assets.xcassets in Resources */ = {isa = PBXBuildFile; fileRef = AC1E31C625C0395300BF80F2 /* Assets.xcassets */; };
		AC1E31CA25C0395300BF80F2 /* LaunchScreen.storyboard in Resources */ = {isa = PBXBuildFile; fileRef = AC1E31C825C0395300BF80F2 /* LaunchScreen.storyboard */; };
		AC1E31D925C03A0D00BF80F2 /* FeedViewController.swift in Sources */ = {isa = PBXBuildFile; fileRef = AC1E31D825C03A0D00BF80F2 /* FeedViewController.swift */; };
		AC1E31E425C03AE800BF80F2 /* NewPostViewController.swift in Sources */ = {isa = PBXBuildFile; fileRef = AC1E31E325C03AE800BF80F2 /* NewPostViewController.swift */; };
		AC1E31E725C03B0D00BF80F2 /* ProfileViewController.swift in Sources */ = {isa = PBXBuildFile; fileRef = AC1E31E625C03B0D00BF80F2 /* ProfileViewController.swift */; };
		AC1E31F125C03E4600BF80F2 /* LogInViewController.swift in Sources */ = {isa = PBXBuildFile; fileRef = AC1E31EF25C03E4600BF80F2 /* LogInViewController.swift */; };
		AC1E31F225C03E4600BF80F2 /* LogInViewController.xib in Resources */ = {isa = PBXBuildFile; fileRef = AC1E31F025C03E4600BF80F2 /* LogInViewController.xib */; };
		AC1E31F525C040A000BF80F2 /* RootViewController.swift in Sources */ = {isa = PBXBuildFile; fileRef = AC1E31F425C040A000BF80F2 /* RootViewController.swift */; };
		AC1E31F825C040C000BF80F2 /* MainTabBarController.swift in Sources */ = {isa = PBXBuildFile; fileRef = AC1E31F725C040C000BF80F2 /* MainTabBarController.swift */; };
		AC1E31FE25C0483B00BF80F2 /* NetworkManager.swift in Sources */ = {isa = PBXBuildFile; fileRef = AC1E31FD25C0483B00BF80F2 /* NetworkManager.swift */; };
		AC1E320225C048C300BF80F2 /* UserModel.swift in Sources */ = {isa = PBXBuildFile; fileRef = AC1E320125C048C300BF80F2 /* UserModel.swift */; };
		AC1E320525C0493600BF80F2 /* PostModel.swift in Sources */ = {isa = PBXBuildFile; fileRef = AC1E320425C0493600BF80F2 /* PostModel.swift */; };
		AC1E320825C04EF000BF80F2 /* Paths.swift in Sources */ = {isa = PBXBuildFile; fileRef = AC1E320725C04EF000BF80F2 /* Paths.swift */; };
		AC1E320B25C0522100BF80F2 /* ErrorsHandler.swift in Sources */ = {isa = PBXBuildFile; fileRef = AC1E320A25C0522100BF80F2 /* ErrorsHandler.swift */; };
		AC1E321125C0553000BF80F2 /* CredentialsModel.swift in Sources */ = {isa = PBXBuildFile; fileRef = AC1E321025C0553000BF80F2 /* CredentialsModel.swift */; };
		AC1E321425C05F3400BF80F2 /* TokenModel.swift in Sources */ = {isa = PBXBuildFile; fileRef = AC1E321325C05F3400BF80F2 /* TokenModel.swift */; };
		AC95FF4E25C06F7A002C30DB /* AlertViewController.swift in Sources */ = {isa = PBXBuildFile; fileRef = AC95FF4D25C06F7A002C30DB /* AlertViewController.swift */; };
		ACC0550225C1A211005C7866 /* BlockView.swift in Sources */ = {isa = PBXBuildFile; fileRef = ACC0550125C1A211005C7866 /* BlockView.swift */; };
		ACF60C8D25C150B700164B7F /* UserIdModel.swift in Sources */ = {isa = PBXBuildFile; fileRef = ACF60C8C25C150B700164B7F /* UserIdModel.swift */; };
		ACF60C9025C1538C00164B7F /* PostIdModel.swift in Sources */ = {isa = PBXBuildFile; fileRef = ACF60C8F25C1538C00164B7F /* PostIdModel.swift */; };
		ACF60C9325C154F700164B7F /* PostCreateModel.swift in Sources */ = {isa = PBXBuildFile; fileRef = ACF60C9225C154F700164B7F /* PostCreateModel.swift */; };
		ACF60CA425C169AF00164B7F /* PostTableViewCell.swift in Sources */ = {isa = PBXBuildFile; fileRef = ACF60CA225C169AF00164B7F /* PostTableViewCell.swift */; };
		ACF60CA525C169AF00164B7F /* PostTableViewCell.xib in Resources */ = {isa = PBXBuildFile; fileRef = ACF60CA325C169AF00164B7F /* PostTableViewCell.xib */; };
/* End PBXBuildFile section */

/* Begin PBXFileReference section */
		313440F3BD51D16C01B0D7D6 /* Pods_NetworkCourseWork.framework */ = {isa = PBXFileReference; explicitFileType = wrapper.framework; includeInIndex = 0; path = Pods_NetworkCourseWork.framework; sourceTree = BUILT_PRODUCTS_DIR; };
		31AE50FEAB91B9C75E19D0C9 /* Pods-NetworkCourseWork.release.xcconfig */ = {isa = PBXFileReference; includeInIndex = 1; lastKnownFileType = text.xcconfig; name = "Pods-NetworkCourseWork.release.xcconfig"; path = "Target Support Files/Pods-NetworkCourseWork/Pods-NetworkCourseWork.release.xcconfig"; sourceTree = "<group>"; };
		92DA188535EFC04D3F61492A /* Pods-NetworkCourseWork.debug.xcconfig */ = {isa = PBXFileReference; includeInIndex = 1; lastKnownFileType = text.xcconfig; name = "Pods-NetworkCourseWork.debug.xcconfig"; path = "Target Support Files/Pods-NetworkCourseWork/Pods-NetworkCourseWork.debug.xcconfig"; sourceTree = "<group>"; };
		AC1E31BA25C0395300BF80F2 /* NetworkCourseWork.app */ = {isa = PBXFileReference; explicitFileType = wrapper.application; includeInIndex = 0; path = NetworkCourseWork.app; sourceTree = BUILT_PRODUCTS_DIR; };
		AC1E31BD25C0395300BF80F2 /* AppDelegate.swift */ = {isa = PBXFileReference; lastKnownFileType = sourcecode.swift; path = AppDelegate.swift; sourceTree = "<group>"; };
		AC1E31C425C0395300BF80F2 /* Base */ = {isa = PBXFileReference; lastKnownFileType = file.storyboard; name = Base; path = Base.lproj/Main.storyboard; sourceTree = "<group>"; };
		AC1E31C625C0395300BF80F2 /* Assets.xcassets */ = {isa = PBXFileReference; lastKnownFileType = folder.assetcatalog; path = Assets.xcassets; sourceTree = "<group>"; };
		AC1E31C925C0395300BF80F2 /* Base */ = {isa = PBXFileReference; lastKnownFileType = file.storyboard; name = Base; path = Base.lproj/LaunchScreen.storyboard; sourceTree = "<group>"; };
		AC1E31CB25C0395300BF80F2 /* Info.plist */ = {isa = PBXFileReference; lastKnownFileType = text.plist.xml; path = Info.plist; sourceTree = "<group>"; };
		AC1E31D825C03A0D00BF80F2 /* FeedViewController.swift */ = {isa = PBXFileReference; lastKnownFileType = sourcecode.swift; path = FeedViewController.swift; sourceTree = "<group>"; };
		AC1E31E325C03AE800BF80F2 /* NewPostViewController.swift */ = {isa = PBXFileReference; lastKnownFileType = sourcecode.swift; path = NewPostViewController.swift; sourceTree = "<group>"; };
		AC1E31E625C03B0D00BF80F2 /* ProfileViewController.swift */ = {isa = PBXFileReference; lastKnownFileType = sourcecode.swift; path = ProfileViewController.swift; sourceTree = "<group>"; };
		AC1E31EF25C03E4600BF80F2 /* LogInViewController.swift */ = {isa = PBXFileReference; lastKnownFileType = sourcecode.swift; path = LogInViewController.swift; sourceTree = "<group>"; };
		AC1E31F025C03E4600BF80F2 /* LogInViewController.xib */ = {isa = PBXFileReference; lastKnownFileType = file.xib; path = LogInViewController.xib; sourceTree = "<group>"; };
		AC1E31F425C040A000BF80F2 /* RootViewController.swift */ = {isa = PBXFileReference; lastKnownFileType = sourcecode.swift; path = RootViewController.swift; sourceTree = "<group>"; };
		AC1E31F725C040C000BF80F2 /* MainTabBarController.swift */ = {isa = PBXFileReference; lastKnownFileType = sourcecode.swift; path = MainTabBarController.swift; sourceTree = "<group>"; };
		AC1E31FD25C0483B00BF80F2 /* NetworkManager.swift */ = {isa = PBXFileReference; lastKnownFileType = sourcecode.swift; path = NetworkManager.swift; sourceTree = "<group>"; };
		AC1E320125C048C300BF80F2 /* UserModel.swift */ = {isa = PBXFileReference; lastKnownFileType = sourcecode.swift; path = UserModel.swift; sourceTree = "<group>"; };
		AC1E320425C0493600BF80F2 /* PostModel.swift */ = {isa = PBXFileReference; lastKnownFileType = sourcecode.swift; path = PostModel.swift; sourceTree = "<group>"; };
		AC1E320725C04EF000BF80F2 /* Paths.swift */ = {isa = PBXFileReference; lastKnownFileType = sourcecode.swift; path = Paths.swift; sourceTree = "<group>"; };
		AC1E320A25C0522100BF80F2 /* ErrorsHandler.swift */ = {isa = PBXFileReference; lastKnownFileType = sourcecode.swift; path = ErrorsHandler.swift; sourceTree = "<group>"; };
		AC1E321025C0553000BF80F2 /* CredentialsModel.swift */ = {isa = PBXFileReference; lastKnownFileType = sourcecode.swift; path = CredentialsModel.swift; sourceTree = "<group>"; };
		AC1E321325C05F3400BF80F2 /* TokenModel.swift */ = {isa = PBXFileReference; lastKnownFileType = sourcecode.swift; path = TokenModel.swift; sourceTree = "<group>"; };
		AC95FF4D25C06F7A002C30DB /* AlertViewController.swift */ = {isa = PBXFileReference; lastKnownFileType = sourcecode.swift; path = AlertViewController.swift; sourceTree = "<group>"; };
		ACC0550125C1A211005C7866 /* BlockView.swift */ = {isa = PBXFileReference; lastKnownFileType = sourcecode.swift; path = BlockView.swift; sourceTree = "<group>"; };
		ACF60C8C25C150B700164B7F /* UserIdModel.swift */ = {isa = PBXFileReference; lastKnownFileType = sourcecode.swift; path = UserIdModel.swift; sourceTree = "<group>"; };
		ACF60C8F25C1538C00164B7F /* PostIdModel.swift */ = {isa = PBXFileReference; lastKnownFileType = sourcecode.swift; path = PostIdModel.swift; sourceTree = "<group>"; };
		ACF60C9225C154F700164B7F /* PostCreateModel.swift */ = {isa = PBXFileReference; lastKnownFileType = sourcecode.swift; path = PostCreateModel.swift; sourceTree = "<group>"; };
		ACF60CA225C169AF00164B7F /* PostTableViewCell.swift */ = {isa = PBXFileReference; lastKnownFileType = sourcecode.swift; path = PostTableViewCell.swift; sourceTree = "<group>"; };
		ACF60CA325C169AF00164B7F /* PostTableViewCell.xib */ = {isa = PBXFileReference; lastKnownFileType = file.xib; path = PostTableViewCell.xib; sourceTree = "<group>"; };
/* End PBXFileReference section */

/* Begin PBXFrameworksBuildPhase section */
		AC1E31B725C0395300BF80F2 /* Frameworks */ = {
			isa = PBXFrameworksBuildPhase;
			buildActionMask = 2147483647;
			files = (
				2A95E90E0C3BC98341A429EF /* Pods_NetworkCourseWork.framework in Frameworks */,
			);
			runOnlyForDeploymentPostprocessing = 0;
		};
/* End PBXFrameworksBuildPhase section */

/* Begin PBXGroup section */
		12A1CA85A4BBE096EB1921D4 /* Pods */ = {
			isa = PBXGroup;
			children = (
				92DA188535EFC04D3F61492A /* Pods-NetworkCourseWork.debug.xcconfig */,
				31AE50FEAB91B9C75E19D0C9 /* Pods-NetworkCourseWork.release.xcconfig */,
			);
			path = Pods;
			sourceTree = "<group>";
		};
		46589701B2080BEBE58E01FB /* Frameworks */ = {
			isa = PBXGroup;
			children = (
				313440F3BD51D16C01B0D7D6 /* Pods_NetworkCourseWork.framework */,
			);
			name = Frameworks;
			sourceTree = "<group>";
		};
		AC1E31B125C0395300BF80F2 = {
			isa = PBXGroup;
			children = (
				AC1E31BC25C0395300BF80F2 /* NetworkCourseWork */,
				AC1E31BB25C0395300BF80F2 /* Products */,
				12A1CA85A4BBE096EB1921D4 /* Pods */,
				46589701B2080BEBE58E01FB /* Frameworks */,
			);
			sourceTree = "<group>";
		};
		AC1E31BB25C0395300BF80F2 /* Products */ = {
			isa = PBXGroup;
			children = (
				AC1E31BA25C0395300BF80F2 /* NetworkCourseWork.app */,
			);
			name = Products;
			sourceTree = "<group>";
		};
		AC1E31BC25C0395300BF80F2 /* NetworkCourseWork */ = {
			isa = PBXGroup;
			children = (
				AC1E31FA25C0412300BF80F2 /* LogIn */,
				AC1E31DC25C03A3D00BF80F2 /* Feed */,
				AC1E31DB25C03A3700BF80F2 /* NewPost */,
				AC1E31DD25C03A4300BF80F2 /* Profile */,
				AC1E31DE25C03A4A00BF80F2 /* Network */,
				AC1E31DF25C03A4F00BF80F2 /* Models */,
				AC95FF4C25C06F65002C30DB /* Extensions */,
				ACF60CA125C1698B00164B7F /* Cells */,
				AC1E31E025C03A5500BF80F2 /* Supported */,
				AC1E31F425C040A000BF80F2 /* RootViewController.swift */,
				AC1E31F725C040C000BF80F2 /* MainTabBarController.swift */,
			);
			path = NetworkCourseWork;
			sourceTree = "<group>";
		};
		AC1E31DB25C03A3700BF80F2 /* NewPost */ = {
			isa = PBXGroup;
			children = (
				AC1E31E325C03AE800BF80F2 /* NewPostViewController.swift */,
			);
			path = NewPost;
			sourceTree = "<group>";
		};
		AC1E31DC25C03A3D00BF80F2 /* Feed */ = {
			isa = PBXGroup;
			children = (
				AC1E31D825C03A0D00BF80F2 /* FeedViewController.swift */,
			);
			path = Feed;
			sourceTree = "<group>";
		};
		AC1E31DD25C03A4300BF80F2 /* Profile */ = {
			isa = PBXGroup;
			children = (
				AC1E31E625C03B0D00BF80F2 /* ProfileViewController.swift */,
			);
			path = Profile;
			sourceTree = "<group>";
		};
		AC1E31DE25C03A4A00BF80F2 /* Network */ = {
			isa = PBXGroup;
			children = (
				AC1E31FD25C0483B00BF80F2 /* NetworkManager.swift */,
				AC1E320725C04EF000BF80F2 /* Paths.swift */,
				AC1E320A25C0522100BF80F2 /* ErrorsHandler.swift */,
			);
			path = Network;
			sourceTree = "<group>";
		};
		AC1E31DF25C03A4F00BF80F2 /* Models */ = {
			isa = PBXGroup;
			children = (
				AC1E320125C048C300BF80F2 /* UserModel.swift */,
				AC1E320425C0493600BF80F2 /* PostModel.swift */,
				AC1E321025C0553000BF80F2 /* CredentialsModel.swift */,
				AC1E321325C05F3400BF80F2 /* TokenModel.swift */,
				ACF60C8C25C150B700164B7F /* UserIdModel.swift */,
				ACF60C8F25C1538C00164B7F /* PostIdModel.swift */,
				ACF60C9225C154F700164B7F /* PostCreateModel.swift */,
			);
			path = Models;
			sourceTree = "<group>";
		};
		AC1E31E025C03A5500BF80F2 /* Supported */ = {
			isa = PBXGroup;
			children = (
				AC1E31BD25C0395300BF80F2 /* AppDelegate.swift */,
				AC1E31C325C0395300BF80F2 /* Main.storyboard */,
				AC1E31C625C0395300BF80F2 /* Assets.xcassets */,
				AC1E31C825C0395300BF80F2 /* LaunchScreen.storyboard */,
				AC1E31CB25C0395300BF80F2 /* Info.plist */,
				ACC0550125C1A211005C7866 /* BlockView.swift */,
			);
			path = Supported;
			sourceTree = "<group>";
		};
		AC1E31FA25C0412300BF80F2 /* LogIn */ = {
			isa = PBXGroup;
			children = (
				AC1E31EF25C03E4600BF80F2 /* LogInViewController.swift */,
				AC1E31F025C03E4600BF80F2 /* LogInViewController.xib */,
			);
			path = LogIn;
			sourceTree = "<group>";
		};
		AC95FF4C25C06F65002C30DB /* Extensions */ = {
			isa = PBXGroup;
			children = (
				AC95FF4D25C06F7A002C30DB /* AlertViewController.swift */,
			);
			path = Extensions;
			sourceTree = "<group>";
		};
		ACF60CA125C1698B00164B7F /* Cells */ = {
			isa = PBXGroup;
			children = (
				ACF60CA225C169AF00164B7F /* PostTableViewCell.swift */,
				ACF60CA325C169AF00164B7F /* PostTableViewCell.xib */,
			);
			path = Cells;
			sourceTree = "<group>";
		};
/* End PBXGroup section */

/* Begin PBXNativeTarget section */
		AC1E31B925C0395300BF80F2 /* NetworkCourseWork */ = {
			isa = PBXNativeTarget;
			buildConfigurationList = AC1E31CE25C0395300BF80F2 /* Build configuration list for PBXNativeTarget "NetworkCourseWork" */;
			buildPhases = (
				714BD93133CB914795A4588F /* [CP] Check Pods Manifest.lock */,
				AC1E31B625C0395300BF80F2 /* Sources */,
				AC1E31B725C0395300BF80F2 /* Frameworks */,
				AC1E31B825C0395300BF80F2 /* Resources */,
				D05CA47E9CDCFC5E5C3B4924 /* [CP] Embed Pods Frameworks */,
			);
			buildRules = (
			);
			dependencies = (
			);
			name = NetworkCourseWork;
			productName = NetworkCourseWork;
			productReference = AC1E31BA25C0395300BF80F2 /* NetworkCourseWork.app */;
			productType = "com.apple.product-type.application";
		};
/* End PBXNativeTarget section */

/* Begin PBXProject section */
		AC1E31B225C0395300BF80F2 /* Project object */ = {
			isa = PBXProject;
			attributes = {
				LastSwiftUpdateCheck = 1230;
				LastUpgradeCheck = 1230;
				TargetAttributes = {
					AC1E31B925C0395300BF80F2 = {
						CreatedOnToolsVersion = 12.3;
					};
				};
			};
			buildConfigurationList = AC1E31B525C0395300BF80F2 /* Build configuration list for PBXProject "NetworkCourseWork" */;
			compatibilityVersion = "Xcode 9.3";
			developmentRegion = en;
			hasScannedForEncodings = 0;
			knownRegions = (
				en,
				Base,
			);
			mainGroup = AC1E31B125C0395300BF80F2;
			productRefGroup = AC1E31BB25C0395300BF80F2 /* Products */;
			projectDirPath = "";
			projectRoot = "";
			targets = (
				AC1E31B925C0395300BF80F2 /* NetworkCourseWork */,
			);
		};
/* End PBXProject section */

/* Begin PBXResourcesBuildPhase section */
		AC1E31B825C0395300BF80F2 /* Resources */ = {
			isa = PBXResourcesBuildPhase;
			buildActionMask = 2147483647;
			files = (
				AC1E31F225C03E4600BF80F2 /* LogInViewController.xib in Resources */,
				ACF60CA525C169AF00164B7F /* PostTableViewCell.xib in Resources */,
				AC1E31CA25C0395300BF80F2 /* LaunchScreen.storyboard in Resources */,
				AC1E31C725C0395300BF80F2 /* Assets.xcassets in Resources */,
				AC1E31C525C0395300BF80F2 /* Main.storyboard in Resources */,
			);
			runOnlyForDeploymentPostprocessing = 0;
		};
/* End PBXResourcesBuildPhase section */

/* Begin PBXShellScriptBuildPhase section */
		714BD93133CB914795A4588F /* [CP] Check Pods Manifest.lock */ = {
			isa = PBXShellScriptBuildPhase;
			buildActionMask = 2147483647;
			files = (
			);
			inputFileListPaths = (
			);
			inputPaths = (
				"${PODS_PODFILE_DIR_PATH}/Podfile.lock",
				"${PODS_ROOT}/Manifest.lock",
			);
			name = "[CP] Check Pods Manifest.lock";
			outputFileListPaths = (
			);
			outputPaths = (
				"$(DERIVED_FILE_DIR)/Pods-NetworkCourseWork-checkManifestLockResult.txt",
			);
			runOnlyForDeploymentPostprocessing = 0;
			shellPath = /bin/sh;
			shellScript = "diff \"${PODS_PODFILE_DIR_PATH}/Podfile.lock\" \"${PODS_ROOT}/Manifest.lock\" > /dev/null\nif [ $? != 0 ] ; then\n    # print error to STDERR\n    echo \"error: The sandbox is not in sync with the Podfile.lock. Run 'pod install' or update your CocoaPods installation.\" >&2\n    exit 1\nfi\n# This output is used by Xcode 'outputs' to avoid re-running this script phase.\necho \"SUCCESS\" > \"${SCRIPT_OUTPUT_FILE_0}\"\n";
			showEnvVarsInLog = 0;
		};
		D05CA47E9CDCFC5E5C3B4924 /* [CP] Embed Pods Frameworks */ = {
			isa = PBXShellScriptBuildPhase;
			buildActionMask = 2147483647;
			files = (
			);
			inputFileListPaths = (
				"${PODS_ROOT}/Target Support Files/Pods-NetworkCourseWork/Pods-NetworkCourseWork-frameworks-${CONFIGURATION}-input-files.xcfilelist",
			);
			name = "[CP] Embed Pods Frameworks";
			outputFileListPaths = (
				"${PODS_ROOT}/Target Support Files/Pods-NetworkCourseWork/Pods-NetworkCourseWork-frameworks-${CONFIGURATION}-output-files.xcfilelist",
			);
			runOnlyForDeploymentPostprocessing = 0;
			shellPath = /bin/sh;
			shellScript = "\"${PODS_ROOT}/Target Support Files/Pods-NetworkCourseWork/Pods-NetworkCourseWork-frameworks.sh\"\n";
			showEnvVarsInLog = 0;
		};
/* End PBXShellScriptBuildPhase section */

/* Begin PBXSourcesBuildPhase section */
		AC1E31B625C0395300BF80F2 /* Sources */ = {
			isa = PBXSourcesBuildPhase;
			buildActionMask = 2147483647;
			files = (
				AC1E31E725C03B0D00BF80F2 /* ProfileViewController.swift in Sources */,
				AC1E320525C0493600BF80F2 /* PostModel.swift in Sources */,
				AC95FF4E25C06F7A002C30DB /* AlertViewController.swift in Sources */,
				AC1E31BE25C0395300BF80F2 /* AppDelegate.swift in Sources */,
				AC1E321125C0553000BF80F2 /* CredentialsModel.swift in Sources */,
				ACF60CA425C169AF00164B7F /* PostTableViewCell.swift in Sources */,
				AC1E31F525C040A000BF80F2 /* RootViewController.swift in Sources */,
				AC1E31F825C040C000BF80F2 /* MainTabBarController.swift in Sources */,
				ACF60C9025C1538C00164B7F /* PostIdModel.swift in Sources */,
				AC1E320825C04EF000BF80F2 /* Paths.swift in Sources */,
				AC1E31FE25C0483B00BF80F2 /* NetworkManager.swift in Sources */,
				ACF60C8D25C150B700164B7F /* UserIdModel.swift in Sources */,
				AC1E31E425C03AE800BF80F2 /* NewPostViewController.swift in Sources */,
				AC1E321425C05F3400BF80F2 /* TokenModel.swift in Sources */,
				AC1E31F125C03E4600BF80F2 /* LogInViewController.swift in Sources */,
				AC1E320B25C0522100BF80F2 /* ErrorsHandler.swift in Sources */,
				ACC0550225C1A211005C7866 /* BlockView.swift in Sources */,
				AC1E320225C048C300BF80F2 /* UserModel.swift in Sources */,
				AC1E31D925C03A0D00BF80F2 /* FeedViewController.swift in Sources */,
				ACF60C9325C154F700164B7F /* PostCreateModel.swift in Sources */,
			);
			runOnlyForDeploymentPostprocessing = 0;
		};
/* End PBXSourcesBuildPhase section */

/* Begin PBXVariantGroup section */
		AC1E31C325C0395300BF80F2 /* Main.storyboard */ = {
			isa = PBXVariantGroup;
			children = (
				AC1E31C425C0395300BF80F2 /* Base */,
			);
			name = Main.storyboard;
			sourceTree = "<group>";
		};
		AC1E31C825C0395300BF80F2 /* LaunchScreen.storyboard */ = {
			isa = PBXVariantGroup;
			children = (
				AC1E31C925C0395300BF80F2 /* Base */,
			);
			name = LaunchScreen.storyboard;
			sourceTree = "<group>";
		};
/* End PBXVariantGroup section */

/* Begin XCBuildConfiguration section */
		AC1E31CC25C0395300BF80F2 /* Debug */ = {
			isa = XCBuildConfiguration;
			buildSettings = {
				ALWAYS_SEARCH_USER_PATHS = NO;
				CLANG_ANALYZER_NONNULL = YES;
				CLANG_ANALYZER_NUMBER_OBJECT_CONVERSION = YES_AGGRESSIVE;
				CLANG_CXX_LANGUAGE_STANDARD = "gnu++14";
				CLANG_CXX_LIBRARY = "libc++";
				CLANG_ENABLE_MODULES = YES;
				CLANG_ENABLE_OBJC_ARC = YES;
				CLANG_ENABLE_OBJC_WEAK = YES;
				CLANG_WARN_BLOCK_CAPTURE_AUTORELEASING = YES;
				CLANG_WARN_BOOL_CONVERSION = YES;
				CLANG_WARN_COMMA = YES;
				CLANG_WARN_CONSTANT_CONVERSION = YES;
				CLANG_WARN_DEPRECATED_OBJC_IMPLEMENTATIONS = YES;
				CLANG_WARN_DIRECT_OBJC_ISA_USAGE = YES_ERROR;
				CLANG_WARN_DOCUMENTATION_COMMENTS = YES;
				CLANG_WARN_EMPTY_BODY = YES;
				CLANG_WARN_ENUM_CONVERSION = YES;
				CLANG_WARN_INFINITE_RECURSION = YES;
				CLANG_WARN_INT_CONVERSION = YES;
				CLANG_WARN_NON_LITERAL_NULL_CONVERSION = YES;
				CLANG_WARN_OBJC_IMPLICIT_RETAIN_SELF = YES;
				CLANG_WARN_OBJC_LITERAL_CONVERSION = YES;
				CLANG_WARN_OBJC_ROOT_CLASS = YES_ERROR;
				CLANG_WARN_QUOTED_INCLUDE_IN_FRAMEWORK_HEADER = YES;
				CLANG_WARN_RANGE_LOOP_ANALYSIS = YES;
				CLANG_WARN_STRICT_PROTOTYPES = YES;
				CLANG_WARN_SUSPICIOUS_MOVE = YES;
				CLANG_WARN_UNGUARDED_AVAILABILITY = YES_AGGRESSIVE;
				CLANG_WARN_UNREACHABLE_CODE = YES;
				CLANG_WARN__DUPLICATE_METHOD_MATCH = YES;
				COPY_PHASE_STRIP = NO;
				DEBUG_INFORMATION_FORMAT = dwarf;
				ENABLE_STRICT_OBJC_MSGSEND = YES;
				ENABLE_TESTABILITY = YES;
				GCC_C_LANGUAGE_STANDARD = gnu11;
				GCC_DYNAMIC_NO_PIC = NO;
				GCC_NO_COMMON_BLOCKS = YES;
				GCC_OPTIMIZATION_LEVEL = 0;
				GCC_PREPROCESSOR_DEFINITIONS = (
					"DEBUG=1",
					"$(inherited)",
				);
				GCC_WARN_64_TO_32_BIT_CONVERSION = YES;
				GCC_WARN_ABOUT_RETURN_TYPE = YES_ERROR;
				GCC_WARN_UNDECLARED_SELECTOR = YES;
				GCC_WARN_UNINITIALIZED_AUTOS = YES_AGGRESSIVE;
				GCC_WARN_UNUSED_FUNCTION = YES;
				GCC_WARN_UNUSED_VARIABLE = YES;
				IPHONEOS_DEPLOYMENT_TARGET = 14.3;
				MTL_ENABLE_DEBUG_INFO = INCLUDE_SOURCE;
				MTL_FAST_MATH = YES;
				ONLY_ACTIVE_ARCH = YES;
				SDKROOT = iphoneos;
				SWIFT_ACTIVE_COMPILATION_CONDITIONS = DEBUG;
				SWIFT_OPTIMIZATION_LEVEL = "-Onone";
			};
			name = Debug;
		};
		AC1E31CD25C0395300BF80F2 /* Release */ = {
			isa = XCBuildConfiguration;
			buildSettings = {
				ALWAYS_SEARCH_USER_PATHS = NO;
				CLANG_ANALYZER_NONNULL = YES;
				CLANG_ANALYZER_NUMBER_OBJECT_CONVERSION = YES_AGGRESSIVE;
				CLANG_CXX_LANGUAGE_STANDARD = "gnu++14";
				CLANG_CXX_LIBRARY = "libc++";
				CLANG_ENABLE_MODULES = YES;
				CLANG_ENABLE_OBJC_ARC = YES;
				CLANG_ENABLE_OBJC_WEAK = YES;
				CLANG_WARN_BLOCK_CAPTURE_AUTORELEASING = YES;
				CLANG_WARN_BOOL_CONVERSION = YES;
				CLANG_WARN_COMMA = YES;
				CLANG_WARN_CONSTANT_CONVERSION = YES;
				CLANG_WARN_DEPRECATED_OBJC_IMPLEMENTATIONS = YES;
				CLANG_WARN_DIRECT_OBJC_ISA_USAGE = YES_ERROR;
				CLANG_WARN_DOCUMENTATION_COMMENTS = YES;
				CLANG_WARN_EMPTY_BODY = YES;
				CLANG_WARN_ENUM_CONVERSION = YES;
				CLANG_WARN_INFINITE_RECURSION = YES;
				CLANG_WARN_INT_CONVERSION = YES;
				CLANG_WARN_NON_LITERAL_NULL_CONVERSION = YES;
				CLANG_WARN_OBJC_IMPLICIT_RETAIN_SELF = YES;
				CLANG_WARN_OBJC_LITERAL_CONVERSION = YES;
				CLANG_WARN_OBJC_ROOT_CLASS = YES_ERROR;
				CLANG_WARN_QUOTED_INCLUDE_IN_FRAMEWORK_HEADER = YES;
				CLANG_WARN_RANGE_LOOP_ANALYSIS = YES;
				CLANG_WARN_STRICT_PROTOTYPES = YES;
				CLANG_WARN_SUSPICIOUS_MOVE = YES;
				CLANG_WARN_UNGUARDED_AVAILABILITY = YES_AGGRESSIVE;
				CLANG_WARN_UNREACHABLE_CODE = YES;
				CLANG_WARN__DUPLICATE_METHOD_MATCH = YES;
				COPY_PHASE_STRIP = NO;
				DEBUG_INFORMATION_FORMAT = "dwarf-with-dsym";
				ENABLE_NS_ASSERTIONS = NO;
				ENABLE_STRICT_OBJC_MSGSEND = YES;
				GCC_C_LANGUAGE_STANDARD = gnu11;
				GCC_NO_COMMON_BLOCKS = YES;
				GCC_WARN_64_TO_32_BIT_CONVERSION = YES;
				GCC_WARN_ABOUT_RETURN_TYPE = YES_ERROR;
				GCC_WARN_UNDECLARED_SELECTOR = YES;
				GCC_WARN_UNINITIALIZED_AUTOS = YES_AGGRESSIVE;
				GCC_WARN_UNUSED_FUNCTION = YES;
				GCC_WARN_UNUSED_VARIABLE = YES;
				IPHONEOS_DEPLOYMENT_TARGET = 14.3;
				MTL_ENABLE_DEBUG_INFO = NO;
				MTL_FAST_MATH = YES;
				SDKROOT = iphoneos;
				SWIFT_COMPILATION_MODE = wholemodule;
				SWIFT_OPTIMIZATION_LEVEL = "-O";
				VALIDATE_PRODUCT = YES;
			};
			name = Release;
		};
		AC1E31CF25C0395300BF80F2 /* Debug */ = {
			isa = XCBuildConfiguration;
			baseConfigurationReference = 92DA188535EFC04D3F61492A /* Pods-NetworkCourseWork.debug.xcconfig */;
			buildSettings = {
				ASSETCATALOG_COMPILER_APPICON_NAME = AppIcon;
				ASSETCATALOG_COMPILER_GLOBAL_ACCENT_COLOR_NAME = AccentColor;
				CODE_SIGN_STYLE = Automatic;
				DEVELOPMENT_TEAM = 627VX4YTF5;
				INFOPLIST_FILE = NetworkCourseWork/Supported/Info.plist;
				IPHONEOS_DEPLOYMENT_TARGET = 11.0;
				LD_RUNPATH_SEARCH_PATHS = (
					"$(inherited)",
					"@executable_path/Frameworks",
				);
				PRODUCT_BUNDLE_IDENTIFIER = netologyStudent.NetworkCourseWork;
				PRODUCT_NAME = "$(TARGET_NAME)";
				SWIFT_VERSION = 5.0;
				TARGETED_DEVICE_FAMILY = 1;
			};
			name = Debug;
		};
		AC1E31D025C0395300BF80F2 /* Release */ = {
			isa = XCBuildConfiguration;
			baseConfigurationReference = 31AE50FEAB91B9C75E19D0C9 /* Pods-NetworkCourseWork.release.xcconfig */;
			buildSettings = {
				ASSETCATALOG_COMPILER_APPICON_NAME = AppIcon;
				ASSETCATALOG_COMPILER_GLOBAL_ACCENT_COLOR_NAME = AccentColor;
				CODE_SIGN_STYLE = Automatic;
				DEVELOPMENT_TEAM = 627VX4YTF5;
				INFOPLIST_FILE = NetworkCourseWork/Supported/Info.plist;
				IPHONEOS_DEPLOYMENT_TARGET = 11.0;
				LD_RUNPATH_SEARCH_PATHS = (
					"$(inherited)",
					"@executable_path/Frameworks",
				);
				PRODUCT_BUNDLE_IDENTIFIER = netologyStudent.NetworkCourseWork;
				PRODUCT_NAME = "$(TARGET_NAME)";
				SWIFT_VERSION = 5.0;
				TARGETED_DEVICE_FAMILY = 1;
			};
			name = Release;
		};
/* End XCBuildConfiguration section */

/* Begin XCConfigurationList section */
		AC1E31B525C0395300BF80F2 /* Build configuration list for PBXProject "NetworkCourseWork" */ = {
			isa = XCConfigurationList;
			buildConfigurations = (
				AC1E31CC25C0395300BF80F2 /* Debug */,
				AC1E31CD25C0395300BF80F2 /* Release */,
			);
			defaultConfigurationIsVisible = 0;
			defaultConfigurationName = Release;
		};
		AC1E31CE25C0395300BF80F2 /* Build configuration list for PBXNativeTarget "NetworkCourseWork" */ = {
			isa = XCConfigurationList;
			buildConfigurations = (
				AC1E31CF25C0395300BF80F2 /* Debug */,
				AC1E31D025C0395300BF80F2 /* Release */,
			);
			defaultConfigurationIsVisible = 0;
			defaultConfigurationName = Release;
		};
/* End XCConfigurationList section */
	};
	rootObject = AC1E31B225C0395300BF80F2 /* Project object */;
}
