// !$*UTF8*$!
{
	archiveVersion = 1;
	classes = {
	};
	objectVersion = 50;
	objects = {

/* Begin PBXBuildFile section */
		AC137013254F3C2B0018896E /* SecondViewController.swift in Sources */ = {isa = PBXBuildFile; fileRef = AC137012254F3C2B0018896E /* SecondViewController.swift */; };
		AC137018254F41C10018896E /* NetworkManager.swift in Sources */ = {isa = PBXBuildFile; fileRef = AC137017254F41C10018896E /* NetworkManager.swift */; };
		AC57916C25442906007276C7 /* NavigationController.swift in Sources */ = {isa = PBXBuildFile; fileRef = AC57916B25442906007276C7 /* NavigationController.swift */; };
		AC68F2B625442571004A1025 /* AppDelegate.swift in Sources */ = {isa = PBXBuildFile; fileRef = AC68F2B525442571004A1025 /* AppDelegate.swift */; };
		AC68F2BA25442571004A1025 /* ViewController.swift in Sources */ = {isa = PBXBuildFile; fileRef = AC68F2B925442571004A1025 /* ViewController.swift */; };
		AC68F2BD25442571004A1025 /* Main.storyboard in Resources */ = {isa = PBXBuildFile; fileRef = AC68F2BB25442571004A1025 /* Main.storyboard */; };
		AC68F2BF25442572004A1025 /* Assets.xcassets in Resources */ = {isa = PBXBuildFile; fileRef = AC68F2BE25442572004A1025 /* Assets.xcassets */; };
		AC68F2C225442572004A1025 /* LaunchScreen.storyboard in Resources */ = {isa = PBXBuildFile; fileRef = AC68F2C025442572004A1025 /* LaunchScreen.storyboard */; };
		BCFF341426D44E0E475FC1EA /* libPods-networkFirstTask.a in Frameworks */ = {isa = PBXBuildFile; fileRef = 3E17D073951896D1E7242645 /* libPods-networkFirstTask.a */; };
/* End PBXBuildFile section */

/* Begin PBXFileReference section */
		3E17D073951896D1E7242645 /* libPods-networkFirstTask.a */ = {isa = PBXFileReference; explicitFileType = archive.ar; includeInIndex = 0; path = "libPods-networkFirstTask.a"; sourceTree = BUILT_PRODUCTS_DIR; };
		4211B1BAA01605602B674539 /* Pods-networkFirstTask.release.xcconfig */ = {isa = PBXFileReference; includeInIndex = 1; lastKnownFileType = text.xcconfig; name = "Pods-networkFirstTask.release.xcconfig"; path = "Target Support Files/Pods-networkFirstTask/Pods-networkFirstTask.release.xcconfig"; sourceTree = "<group>"; };
		AC137012254F3C2B0018896E /* SecondViewController.swift */ = {isa = PBXFileReference; lastKnownFileType = sourcecode.swift; path = SecondViewController.swift; sourceTree = "<group>"; };
		AC137017254F41C10018896E /* NetworkManager.swift */ = {isa = PBXFileReference; lastKnownFileType = sourcecode.swift; path = NetworkManager.swift; sourceTree = "<group>"; };
		AC57916B25442906007276C7 /* NavigationController.swift */ = {isa = PBXFileReference; lastKnownFileType = sourcecode.swift; path = NavigationController.swift; sourceTree = "<group>"; };
		AC68F2B225442571004A1025 /* networkFirstTask.app */ = {isa = PBXFileReference; explicitFileType = wrapper.application; includeInIndex = 0; path = networkFirstTask.app; sourceTree = BUILT_PRODUCTS_DIR; };
		AC68F2B525442571004A1025 /* AppDelegate.swift */ = {isa = PBXFileReference; lastKnownFileType = sourcecode.swift; path = AppDelegate.swift; sourceTree = "<group>"; };
		AC68F2B925442571004A1025 /* ViewController.swift */ = {isa = PBXFileReference; lastKnownFileType = sourcecode.swift; path = ViewController.swift; sourceTree = "<group>"; };
		AC68F2BC25442571004A1025 /* Base */ = {isa = PBXFileReference; lastKnownFileType = file.storyboard; name = Base; path = Base.lproj/Main.storyboard; sourceTree = "<group>"; };
		AC68F2BE25442572004A1025 /* Assets.xcassets */ = {isa = PBXFileReference; lastKnownFileType = folder.assetcatalog; path = Assets.xcassets; sourceTree = "<group>"; };
		AC68F2C125442572004A1025 /* Base */ = {isa = PBXFileReference; lastKnownFileType = file.storyboard; name = Base; path = Base.lproj/LaunchScreen.storyboard; sourceTree = "<group>"; };
		AC68F2C325442572004A1025 /* Info.plist */ = {isa = PBXFileReference; lastKnownFileType = text.plist.xml; path = Info.plist; sourceTree = "<group>"; };
		CFBE09FEB7888157402E7205 /* Pods-networkFirstTask.debug.xcconfig */ = {isa = PBXFileReference; includeInIndex = 1; lastKnownFileType = text.xcconfig; name = "Pods-networkFirstTask.debug.xcconfig"; path = "Target Support Files/Pods-networkFirstTask/Pods-networkFirstTask.debug.xcconfig"; sourceTree = "<group>"; };
/* End PBXFileReference section */

/* Begin PBXFrameworksBuildPhase section */
		AC68F2AF25442571004A1025 /* Frameworks */ = {
			isa = PBXFrameworksBuildPhase;
			buildActionMask = 2147483647;
			files = (
				BCFF341426D44E0E475FC1EA /* libPods-networkFirstTask.a in Frameworks */,
			);
			runOnlyForDeploymentPostprocessing = 0;
		};
/* End PBXFrameworksBuildPhase section */

/* Begin PBXGroup section */
		34AA727295E611EB89DC1EE4 /* Pods */ = {
			isa = PBXGroup;
			children = (
				CFBE09FEB7888157402E7205 /* Pods-networkFirstTask.debug.xcconfig */,
				4211B1BAA01605602B674539 /* Pods-networkFirstTask.release.xcconfig */,
			);
			path = Pods;
			sourceTree = "<group>";
		};
		AC137014254F41850018896E /* Model */ = {
			isa = PBXGroup;
			children = (
			);
			path = Model;
			sourceTree = "<group>";
		};
		AC137015254F41920018896E /* NetworkManager */ = {
			isa = PBXGroup;
			children = (
				AC137017254F41C10018896E /* NetworkManager.swift */,
			);
			path = NetworkManager;
			sourceTree = "<group>";
		};
		AC137016254F419E0018896E /* Controllers */ = {
			isa = PBXGroup;
			children = (
				AC57916B25442906007276C7 /* NavigationController.swift */,
				AC68F2B925442571004A1025 /* ViewController.swift */,
				AC137012254F3C2B0018896E /* SecondViewController.swift */,
			);
			path = Controllers;
			sourceTree = "<group>";
		};
		AC13701B254F46ED0018896E /* Supported */ = {
			isa = PBXGroup;
			children = (
				AC68F2B525442571004A1025 /* AppDelegate.swift */,
				AC68F2BB25442571004A1025 /* Main.storyboard */,
				AC68F2BE25442572004A1025 /* Assets.xcassets */,
				AC68F2C025442572004A1025 /* LaunchScreen.storyboard */,
			);
			path = Supported;
			sourceTree = "<group>";
		};
		AC68F2A925442571004A1025 = {
			isa = PBXGroup;
			children = (
				AC68F2B425442571004A1025 /* networkFirstTask */,
				AC68F2B325442571004A1025 /* Products */,
				34AA727295E611EB89DC1EE4 /* Pods */,
				E0D3238BB7AC864801C0FAF7 /* Frameworks */,
			);
			sourceTree = "<group>";
		};
		AC68F2B325442571004A1025 /* Products */ = {
			isa = PBXGroup;
			children = (
				AC68F2B225442571004A1025 /* networkFirstTask.app */,
			);
			name = Products;
			sourceTree = "<group>";
		};
		AC68F2B425442571004A1025 /* networkFirstTask */ = {
			isa = PBXGroup;
			children = (
				AC137016254F419E0018896E /* Controllers */,
				AC137015254F41920018896E /* NetworkManager */,
				AC137014254F41850018896E /* Model */,
				AC13701B254F46ED0018896E /* Supported */,
				AC68F2C325442572004A1025 /* Info.plist */,
			);
			path = networkFirstTask;
			sourceTree = "<group>";
		};
		E0D3238BB7AC864801C0FAF7 /* Frameworks */ = {
			isa = PBXGroup;
			children = (
				3E17D073951896D1E7242645 /* libPods-networkFirstTask.a */,
			);
			name = Frameworks;
			sourceTree = "<group>";
		};
/* End PBXGroup section */

/* Begin PBXNativeTarget section */
		AC68F2B125442571004A1025 /* networkFirstTask */ = {
			isa = PBXNativeTarget;
			buildConfigurationList = AC68F2C625442572004A1025 /* Build configuration list for PBXNativeTarget "networkFirstTask" */;
			buildPhases = (
				96EB319CDF16DEED93B1AF3C /* [CP] Check Pods Manifest.lock */,
				AC68F2AE25442571004A1025 /* Sources */,
				AC68F2AF25442571004A1025 /* Frameworks */,
				AC68F2B025442571004A1025 /* Resources */,
			);
			buildRules = (
			);
			dependencies = (
			);
			name = networkFirstTask;
			productName = networkFirstTask;
			productReference = AC68F2B225442571004A1025 /* networkFirstTask.app */;
			productType = "com.apple.product-type.application";
		};
/* End PBXNativeTarget section */

/* Begin PBXProject section */
		AC68F2AA25442571004A1025 /* Project object */ = {
			isa = PBXProject;
			attributes = {
				LastSwiftUpdateCheck = 1170;
				LastUpgradeCheck = 1170;
				ORGANIZATIONNAME = "Артём Скрипкин";
				TargetAttributes = {
					AC68F2B125442571004A1025 = {
						CreatedOnToolsVersion = 11.7;
					};
				};
			};
			buildConfigurationList = AC68F2AD25442571004A1025 /* Build configuration list for PBXProject "networkFirstTask" */;
			compatibilityVersion = "Xcode 9.3";
			developmentRegion = en;
			hasScannedForEncodings = 0;
			knownRegions = (
				en,
				Base,
			);
			mainGroup = AC68F2A925442571004A1025;
			productRefGroup = AC68F2B325442571004A1025 /* Products */;
			projectDirPath = "";
			projectRoot = "";
			targets = (
				AC68F2B125442571004A1025 /* networkFirstTask */,
			);
		};
/* End PBXProject section */

/* Begin PBXResourcesBuildPhase section */
		AC68F2B025442571004A1025 /* Resources */ = {
			isa = PBXResourcesBuildPhase;
			buildActionMask = 2147483647;
			files = (
				AC68F2C225442572004A1025 /* LaunchScreen.storyboard in Resources */,
				AC68F2BF25442572004A1025 /* Assets.xcassets in Resources */,
				AC68F2BD25442571004A1025 /* Main.storyboard in Resources */,
			);
			runOnlyForDeploymentPostprocessing = 0;
		};
/* End PBXResourcesBuildPhase section */

/* Begin PBXShellScriptBuildPhase section */
		96EB319CDF16DEED93B1AF3C /* [CP] Check Pods Manifest.lock */ = {
			isa = PBXShellScriptBuildPhase;
			buildActionMask = 2147483647;
			files = (
			);
			inputFileListPaths = (
			);
			inputPaths = (
				"${PODS_PODFILE_DIR_PATH}/Podfile.lock",
				"${PODS_ROOT}/Manifest.lock",
			);
			name = "[CP] Check Pods Manifest.lock";
			outputFileListPaths = (
			);
			outputPaths = (
				"$(DERIVED_FILE_DIR)/Pods-networkFirstTask-checkManifestLockResult.txt",
			);
			runOnlyForDeploymentPostprocessing = 0;
			shellPath = /bin/sh;
			shellScript = "diff \"${PODS_PODFILE_DIR_PATH}/Podfile.lock\" \"${PODS_ROOT}/Manifest.lock\" > /dev/null\nif [ $? != 0 ] ; then\n    # print error to STDERR\n    echo \"error: The sandbox is not in sync with the Podfile.lock. Run 'pod install' or update your CocoaPods installation.\" >&2\n    exit 1\nfi\n# This output is used by Xcode 'outputs' to avoid re-running this script phase.\necho \"SUCCESS\" > \"${SCRIPT_OUTPUT_FILE_0}\"\n";
			showEnvVarsInLog = 0;
		};
/* End PBXShellScriptBuildPhase section */

/* Begin PBXSourcesBuildPhase section */
		AC68F2AE25442571004A1025 /* Sources */ = {
			isa = PBXSourcesBuildPhase;
			buildActionMask = 2147483647;
			files = (
				AC137013254F3C2B0018896E /* SecondViewController.swift in Sources */,
				AC68F2BA25442571004A1025 /* ViewController.swift in Sources */,
				AC137018254F41C10018896E /* NetworkManager.swift in Sources */,
				AC57916C25442906007276C7 /* NavigationController.swift in Sources */,
				AC68F2B625442571004A1025 /* AppDelegate.swift in Sources */,
			);
			runOnlyForDeploymentPostprocessing = 0;
		};
/* End PBXSourcesBuildPhase section */

/* Begin PBXVariantGroup section */
		AC68F2BB25442571004A1025 /* Main.storyboard */ = {
			isa = PBXVariantGroup;
			children = (
				AC68F2BC25442571004A1025 /* Base */,
			);
			name = Main.storyboard;
			sourceTree = "<group>";
		};
		AC68F2C025442572004A1025 /* LaunchScreen.storyboard */ = {
			isa = PBXVariantGroup;
			children = (
				AC68F2C125442572004A1025 /* Base */,
			);
			name = LaunchScreen.storyboard;
			sourceTree = "<group>";
		};
/* End PBXVariantGroup section */

/* Begin XCBuildConfiguration section */
		AC68F2C425442572004A1025 /* Debug */ = {
			isa = XCBuildConfiguration;
			buildSettings = {
				ALWAYS_SEARCH_USER_PATHS = NO;
				CLANG_ANALYZER_NONNULL = YES;
				CLANG_ANALYZER_NUMBER_OBJECT_CONVERSION = YES_AGGRESSIVE;
				CLANG_CXX_LANGUAGE_STANDARD = "gnu++14";
				CLANG_CXX_LIBRARY = "libc++";
				CLANG_ENABLE_MODULES = YES;
				CLANG_ENABLE_OBJC_ARC = YES;
				CLANG_ENABLE_OBJC_WEAK = YES;
				CLANG_WARN_BLOCK_CAPTURE_AUTORELEASING = YES;
				CLANG_WARN_BOOL_CONVERSION = YES;
				CLANG_WARN_COMMA = YES;
				CLANG_WARN_CONSTANT_CONVERSION = YES;
				CLANG_WARN_DEPRECATED_OBJC_IMPLEMENTATIONS = YES;
				CLANG_WARN_DIRECT_OBJC_ISA_USAGE = YES_ERROR;
				CLANG_WARN_DOCUMENTATION_COMMENTS = YES;
				CLANG_WARN_EMPTY_BODY = YES;
				CLANG_WARN_ENUM_CONVERSION = YES;
				CLANG_WARN_INFINITE_RECURSION = YES;
				CLANG_WARN_INT_CONVERSION = YES;
				CLANG_WARN_NON_LITERAL_NULL_CONVERSION = YES;
				CLANG_WARN_OBJC_IMPLICIT_RETAIN_SELF = YES;
				CLANG_WARN_OBJC_LITERAL_CONVERSION = YES;
				CLANG_WARN_OBJC_ROOT_CLASS = YES_ERROR;
				CLANG_WARN_RANGE_LOOP_ANALYSIS = YES;
				CLANG_WARN_STRICT_PROTOTYPES = YES;
				CLANG_WARN_SUSPICIOUS_MOVE = YES;
				CLANG_WARN_UNGUARDED_AVAILABILITY = YES_AGGRESSIVE;
				CLANG_WARN_UNREACHABLE_CODE = YES;
				CLANG_WARN__DUPLICATE_METHOD_MATCH = YES;
				COPY_PHASE_STRIP = NO;
				DEBUG_INFORMATION_FORMAT = dwarf;
				ENABLE_STRICT_OBJC_MSGSEND = YES;
				ENABLE_TESTABILITY = YES;
				GCC_C_LANGUAGE_STANDARD = gnu11;
				GCC_DYNAMIC_NO_PIC = NO;
				GCC_NO_COMMON_BLOCKS = YES;
				GCC_OPTIMIZATION_LEVEL = 0;
				GCC_PREPROCESSOR_DEFINITIONS = (
					"DEBUG=1",
					"$(inherited)",
				);
				GCC_WARN_64_TO_32_BIT_CONVERSION = YES;
				GCC_WARN_ABOUT_RETURN_TYPE = YES_ERROR;
				GCC_WARN_UNDECLARED_SELECTOR = YES;
				GCC_WARN_UNINITIALIZED_AUTOS = YES_AGGRESSIVE;
				GCC_WARN_UNUSED_FUNCTION = YES;
				GCC_WARN_UNUSED_VARIABLE = YES;
				IPHONEOS_DEPLOYMENT_TARGET = 13.7;
				MTL_ENABLE_DEBUG_INFO = INCLUDE_SOURCE;
				MTL_FAST_MATH = YES;
				ONLY_ACTIVE_ARCH = YES;
				SDKROOT = iphoneos;
				SWIFT_ACTIVE_COMPILATION_CONDITIONS = DEBUG;
				SWIFT_OPTIMIZATION_LEVEL = "-Onone";
			};
			name = Debug;
		};
		AC68F2C525442572004A1025 /* Release */ = {
			isa = XCBuildConfiguration;
			buildSettings = {
				ALWAYS_SEARCH_USER_PATHS = NO;
				CLANG_ANALYZER_NONNULL = YES;
				CLANG_ANALYZER_NUMBER_OBJECT_CONVERSION = YES_AGGRESSIVE;
				CLANG_CXX_LANGUAGE_STANDARD = "gnu++14";
				CLANG_CXX_LIBRARY = "libc++";
				CLANG_ENABLE_MODULES = YES;
				CLANG_ENABLE_OBJC_ARC = YES;
				CLANG_ENABLE_OBJC_WEAK = YES;
				CLANG_WARN_BLOCK_CAPTURE_AUTORELEASING = YES;
				CLANG_WARN_BOOL_CONVERSION = YES;
				CLANG_WARN_COMMA = YES;
				CLANG_WARN_CONSTANT_CONVERSION = YES;
				CLANG_WARN_DEPRECATED_OBJC_IMPLEMENTATIONS = YES;
				CLANG_WARN_DIRECT_OBJC_ISA_USAGE = YES_ERROR;
				CLANG_WARN_DOCUMENTATION_COMMENTS = YES;
				CLANG_WARN_EMPTY_BODY = YES;
				CLANG_WARN_ENUM_CONVERSION = YES;
				CLANG_WARN_INFINITE_RECURSION = YES;
				CLANG_WARN_INT_CONVERSION = YES;
				CLANG_WARN_NON_LITERAL_NULL_CONVERSION = YES;
				CLANG_WARN_OBJC_IMPLICIT_RETAIN_SELF = YES;
				CLANG_WARN_OBJC_LITERAL_CONVERSION = YES;
				CLANG_WARN_OBJC_ROOT_CLASS = YES_ERROR;
				CLANG_WARN_RANGE_LOOP_ANALYSIS = YES;
				CLANG_WARN_STRICT_PROTOTYPES = YES;
				CLANG_WARN_SUSPICIOUS_MOVE = YES;
				CLANG_WARN_UNGUARDED_AVAILABILITY = YES_AGGRESSIVE;
				CLANG_WARN_UNREACHABLE_CODE = YES;
				CLANG_WARN__DUPLICATE_METHOD_MATCH = YES;
				COPY_PHASE_STRIP = NO;
				DEBUG_INFORMATION_FORMAT = "dwarf-with-dsym";
				ENABLE_NS_ASSERTIONS = NO;
				ENABLE_STRICT_OBJC_MSGSEND = YES;
				GCC_C_LANGUAGE_STANDARD = gnu11;
				GCC_NO_COMMON_BLOCKS = YES;
				GCC_WARN_64_TO_32_BIT_CONVERSION = YES;
				GCC_WARN_ABOUT_RETURN_TYPE = YES_ERROR;
				GCC_WARN_UNDECLARED_SELECTOR = YES;
				GCC_WARN_UNINITIALIZED_AUTOS = YES_AGGRESSIVE;
				GCC_WARN_UNUSED_FUNCTION = YES;
				GCC_WARN_UNUSED_VARIABLE = YES;
				IPHONEOS_DEPLOYMENT_TARGET = 13.7;
				MTL_ENABLE_DEBUG_INFO = NO;
				MTL_FAST_MATH = YES;
				SDKROOT = iphoneos;
				SWIFT_COMPILATION_MODE = wholemodule;
				SWIFT_OPTIMIZATION_LEVEL = "-O";
				VALIDATE_PRODUCT = YES;
			};
			name = Release;
		};
		AC68F2C725442572004A1025 /* Debug */ = {
			isa = XCBuildConfiguration;
			baseConfigurationReference = CFBE09FEB7888157402E7205 /* Pods-networkFirstTask.debug.xcconfig */;
			buildSettings = {
				ASSETCATALOG_COMPILER_APPICON_NAME = AppIcon;
				CODE_SIGN_STYLE = Automatic;
				INFOPLIST_FILE = networkFirstTask/Info.plist;
				IPHONEOS_DEPLOYMENT_TARGET = 11.0;
				LD_RUNPATH_SEARCH_PATHS = (
					"$(inherited)",
					"@executable_path/Frameworks",
				);
				PRODUCT_BUNDLE_IDENTIFIER = myTest.networkFirstTask;
				PRODUCT_NAME = "$(TARGET_NAME)";
				SWIFT_VERSION = 5.0;
				TARGETED_DEVICE_FAMILY = "1,2";
			};
			name = Debug;
		};
		AC68F2C825442572004A1025 /* Release */ = {
			isa = XCBuildConfiguration;
			baseConfigurationReference = 4211B1BAA01605602B674539 /* Pods-networkFirstTask.release.xcconfig */;
			buildSettings = {
				ASSETCATALOG_COMPILER_APPICON_NAME = AppIcon;
				CODE_SIGN_STYLE = Automatic;
				INFOPLIST_FILE = networkFirstTask/Info.plist;
				IPHONEOS_DEPLOYMENT_TARGET = 11.0;
				LD_RUNPATH_SEARCH_PATHS = (
					"$(inherited)",
					"@executable_path/Frameworks",
				);
				PRODUCT_BUNDLE_IDENTIFIER = myTest.networkFirstTask;
				PRODUCT_NAME = "$(TARGET_NAME)";
				SWIFT_VERSION = 5.0;
				TARGETED_DEVICE_FAMILY = "1,2";
			};
			name = Release;
		};
/* End XCBuildConfiguration section */

/* Begin XCConfigurationList section */
		AC68F2AD25442571004A1025 /* Build configuration list for PBXProject "networkFirstTask" */ = {
			isa = XCConfigurationList;
			buildConfigurations = (
				AC68F2C425442572004A1025 /* Debug */,
				AC68F2C525442572004A1025 /* Release */,
			);
			defaultConfigurationIsVisible = 0;
			defaultConfigurationName = Release;
		};
		AC68F2C625442572004A1025 /* Build configuration list for PBXNativeTarget "networkFirstTask" */ = {
			isa = XCConfigurationList;
			buildConfigurations = (
				AC68F2C725442572004A1025 /* Debug */,
				AC68F2C825442572004A1025 /* Release */,
			);
			defaultConfigurationIsVisible = 0;
			defaultConfigurationName = Release;
		};
/* End XCConfigurationList section */
	};
	rootObject = AC68F2AA25442571004A1025 /* Project object */;
}
