// !$*UTF8*$!
{
	archiveVersion = 1;
	classes = {
	};
	objectVersion = 50;
	objects = {

/* Begin PBXBuildFile section */
		ACD28C3D2513858A0093099A /* Constants.swift in Sources */ = {isa = PBXBuildFile; fileRef = ACD28C2F2513858A0093099A /* Constants.swift */; };
		ACD28C3E2513858A0093099A /* ViewController.swift in Sources */ = {isa = PBXBuildFile; fileRef = ACD28C302513858A0093099A /* ViewController.swift */; };
		ACD28C3F2513858A0093099A /* Alert.swift in Sources */ = {isa = PBXBuildFile; fileRef = ACD28C312513858A0093099A /* Alert.swift */; };
		ACD28C402513858A0093099A /* Main.storyboard in Resources */ = {isa = PBXBuildFile; fileRef = ACD28C322513858A0093099A /* Main.storyboard */; };
		ACD28C412513858A0093099A /* AppDelegate.swift in Sources */ = {isa = PBXBuildFile; fileRef = ACD28C342513858A0093099A /* AppDelegate.swift */; };
		ACD28C422513858A0093099A /* Password generator.swift in Sources */ = {isa = PBXBuildFile; fileRef = ACD28C352513858A0093099A /* Password generator.swift */; };
		ACD28C432513858A0093099A /* Assets.xcassets in Resources */ = {isa = PBXBuildFile; fileRef = ACD28C372513858A0093099A /* Assets.xcassets */; };
		ACD28C442513858A0093099A /* PressStart2P.ttf in Resources */ = {isa = PBXBuildFile; fileRef = ACD28C382513858A0093099A /* PressStart2P.ttf */; };
		ACD28C452513858A0093099A /* LaunchScreen.storyboard in Resources */ = {isa = PBXBuildFile; fileRef = ACD28C3A2513858A0093099A /* LaunchScreen.storyboard */; };
/* End PBXBuildFile section */

/* Begin PBXFileReference section */
		ACD28BE72513816C0093099A /* Operations.app */ = {isa = PBXFileReference; explicitFileType = wrapper.application; includeInIndex = 0; path = Operations.app; sourceTree = BUILT_PRODUCTS_DIR; };
		ACD28BF82513816D0093099A /* Info.plist */ = {isa = PBXFileReference; lastKnownFileType = text.plist.xml; path = Info.plist; sourceTree = "<group>"; };
		ACD28C2F2513858A0093099A /* Constants.swift */ = {isa = PBXFileReference; fileEncoding = 4; lastKnownFileType = sourcecode.swift; path = Constants.swift; sourceTree = "<group>"; };
		ACD28C302513858A0093099A /* ViewController.swift */ = {isa = PBXFileReference; fileEncoding = 4; lastKnownFileType = sourcecode.swift; path = ViewController.swift; sourceTree = "<group>"; };
		ACD28C312513858A0093099A /* Alert.swift */ = {isa = PBXFileReference; fileEncoding = 4; lastKnownFileType = sourcecode.swift; path = Alert.swift; sourceTree = "<group>"; };
		ACD28C332513858A0093099A /* Base */ = {isa = PBXFileReference; lastKnownFileType = file.storyboard; name = Base; path = Base.lproj/Main.storyboard; sourceTree = "<group>"; };
		ACD28C342513858A0093099A /* AppDelegate.swift */ = {isa = PBXFileReference; fileEncoding = 4; lastKnownFileType = sourcecode.swift; path = AppDelegate.swift; sourceTree = "<group>"; };
		ACD28C352513858A0093099A /* Password generator.swift */ = {isa = PBXFileReference; fileEncoding = 4; lastKnownFileType = sourcecode.swift; path = "Password generator.swift"; sourceTree = "<group>"; };
		ACD28C372513858A0093099A /* Assets.xcassets */ = {isa = PBXFileReference; lastKnownFileType = folder.assetcatalog; path = Assets.xcassets; sourceTree = "<group>"; };
		ACD28C382513858A0093099A /* PressStart2P.ttf */ = {isa = PBXFileReference; lastKnownFileType = file; path = PressStart2P.ttf; sourceTree = "<group>"; };
		ACD28C3B2513858A0093099A /* Base */ = {isa = PBXFileReference; lastKnownFileType = file.storyboard; name = Base; path = Base.lproj/LaunchScreen.storyboard; sourceTree = "<group>"; };
/* End PBXFileReference section */

/* Begin PBXFrameworksBuildPhase section */
		ACD28BE42513816C0093099A /* Frameworks */ = {
			isa = PBXFrameworksBuildPhase;
			buildActionMask = 2147483647;
			files = (
			);
			runOnlyForDeploymentPostprocessing = 0;
		};
/* End PBXFrameworksBuildPhase section */

/* Begin PBXGroup section */
		ACD28BDE2513816C0093099A = {
			isa = PBXGroup;
			children = (
				ACD28BE92513816C0093099A /* Operations */,
				ACD28BE82513816C0093099A /* Products */,
			);
			sourceTree = "<group>";
		};
		ACD28BE82513816C0093099A /* Products */ = {
			isa = PBXGroup;
			children = (
				ACD28BE72513816C0093099A /* Operations.app */,
			);
			name = Products;
			sourceTree = "<group>";
		};
		ACD28BE92513816C0093099A /* Operations */ = {
			isa = PBXGroup;
			children = (
				ACD28C2E2513858A0093099A /* Code */,
				ACD28C362513858A0093099A /* Resources */,
				ACD28C392513858A0093099A /* Supporting files */,
				ACD28BF82513816D0093099A /* Info.plist */,
			);
			path = Operations;
			sourceTree = "<group>";
		};
		ACD28C2E2513858A0093099A /* Code */ = {
			isa = PBXGroup;
			children = (
				ACD28C2F2513858A0093099A /* Constants.swift */,
				ACD28C302513858A0093099A /* ViewController.swift */,
				ACD28C312513858A0093099A /* Alert.swift */,
				ACD28C322513858A0093099A /* Main.storyboard */,
				ACD28C342513858A0093099A /* AppDelegate.swift */,
				ACD28C352513858A0093099A /* Password generator.swift */,
			);
			path = Code;
			sourceTree = "<group>";
		};
		ACD28C362513858A0093099A /* Resources */ = {
			isa = PBXGroup;
			children = (
				ACD28C372513858A0093099A /* Assets.xcassets */,
				ACD28C382513858A0093099A /* PressStart2P.ttf */,
			);
			path = Resources;
			sourceTree = "<group>";
		};
		ACD28C392513858A0093099A /* Supporting files */ = {
			isa = PBXGroup;
			children = (
				ACD28C3A2513858A0093099A /* LaunchScreen.storyboard */,
			);
			path = "Supporting files";
			sourceTree = "<group>";
		};
/* End PBXGroup section */

/* Begin PBXNativeTarget section */
		ACD28BE62513816C0093099A /* Operations */ = {
			isa = PBXNativeTarget;
			buildConfigurationList = ACD28BFB2513816D0093099A /* Build configuration list for PBXNativeTarget "Operations" */;
			buildPhases = (
				ACD28BE32513816C0093099A /* Sources */,
				ACD28BE42513816C0093099A /* Frameworks */,
				ACD28BE52513816C0093099A /* Resources */,
			);
			buildRules = (
			);
			dependencies = (
			);
			name = Operations;
			productName = Operations;
			productReference = ACD28BE72513816C0093099A /* Operations.app */;
			productType = "com.apple.product-type.application";
		};
/* End PBXNativeTarget section */

/* Begin PBXProject section */
		ACD28BDF2513816C0093099A /* Project object */ = {
			isa = PBXProject;
			attributes = {
				LastSwiftUpdateCheck = 1200;
				LastUpgradeCheck = 1200;
				TargetAttributes = {
					ACD28BE62513816C0093099A = {
						CreatedOnToolsVersion = 12.0;
					};
				};
			};
			buildConfigurationList = ACD28BE22513816C0093099A /* Build configuration list for PBXProject "Operations" */;
			compatibilityVersion = "Xcode 9.3";
			developmentRegion = en;
			hasScannedForEncodings = 0;
			knownRegions = (
				en,
				Base,
			);
			mainGroup = ACD28BDE2513816C0093099A;
			productRefGroup = ACD28BE82513816C0093099A /* Products */;
			projectDirPath = "";
			projectRoot = "";
			targets = (
				ACD28BE62513816C0093099A /* Operations */,
			);
		};
/* End PBXProject section */

/* Begin PBXResourcesBuildPhase section */
		ACD28BE52513816C0093099A /* Resources */ = {
			isa = PBXResourcesBuildPhase;
			buildActionMask = 2147483647;
			files = (
				ACD28C442513858A0093099A /* PressStart2P.ttf in Resources */,
				ACD28C452513858A0093099A /* LaunchScreen.storyboard in Resources */,
				ACD28C432513858A0093099A /* Assets.xcassets in Resources */,
				ACD28C402513858A0093099A /* Main.storyboard in Resources */,
			);
			runOnlyForDeploymentPostprocessing = 0;
		};
/* End PBXResourcesBuildPhase section */

/* Begin PBXSourcesBuildPhase section */
		ACD28BE32513816C0093099A /* Sources */ = {
			isa = PBXSourcesBuildPhase;
			buildActionMask = 2147483647;
			files = (
				ACD28C412513858A0093099A /* AppDelegate.swift in Sources */,
				ACD28C3F2513858A0093099A /* Alert.swift in Sources */,
				ACD28C422513858A0093099A /* Password generator.swift in Sources */,
				ACD28C3E2513858A0093099A /* ViewController.swift in Sources */,
				ACD28C3D2513858A0093099A /* Constants.swift in Sources */,
			);
			runOnlyForDeploymentPostprocessing = 0;
		};
/* End PBXSourcesBuildPhase section */

/* Begin PBXVariantGroup section */
		ACD28C322513858A0093099A /* Main.storyboard */ = {
			isa = PBXVariantGroup;
			children = (
				ACD28C332513858A0093099A /* Base */,
			);
			name = Main.storyboard;
			sourceTree = "<group>";
		};
		ACD28C3A2513858A0093099A /* LaunchScreen.storyboard */ = {
			isa = PBXVariantGroup;
			children = (
				ACD28C3B2513858A0093099A /* Base */,
			);
			name = LaunchScreen.storyboard;
			sourceTree = "<group>";
		};
/* End PBXVariantGroup section */

/* Begin XCBuildConfiguration section */
		ACD28BF92513816D0093099A /* Debug */ = {
			isa = XCBuildConfiguration;
			buildSettings = {
				ALWAYS_SEARCH_USER_PATHS = NO;
				CLANG_ANALYZER_NONNULL = YES;
				CLANG_ANALYZER_NUMBER_OBJECT_CONVERSION = YES_AGGRESSIVE;
				CLANG_CXX_LANGUAGE_STANDARD = "gnu++14";
				CLANG_CXX_LIBRARY = "libc++";
				CLANG_ENABLE_MODULES = YES;
				CLANG_ENABLE_OBJC_ARC = YES;
				CLANG_ENABLE_OBJC_WEAK = YES;
				CLANG_WARN_BLOCK_CAPTURE_AUTORELEASING = YES;
				CLANG_WARN_BOOL_CONVERSION = YES;
				CLANG_WARN_COMMA = YES;
				CLANG_WARN_CONSTANT_CONVERSION = YES;
				CLANG_WARN_DEPRECATED_OBJC_IMPLEMENTATIONS = YES;
				CLANG_WARN_DIRECT_OBJC_ISA_USAGE = YES_ERROR;
				CLANG_WARN_DOCUMENTATION_COMMENTS = YES;
				CLANG_WARN_EMPTY_BODY = YES;
				CLANG_WARN_ENUM_CONVERSION = YES;
				CLANG_WARN_INFINITE_RECURSION = YES;
				CLANG_WARN_INT_CONVERSION = YES;
				CLANG_WARN_NON_LITERAL_NULL_CONVERSION = YES;
				CLANG_WARN_OBJC_IMPLICIT_RETAIN_SELF = YES;
				CLANG_WARN_OBJC_LITERAL_CONVERSION = YES;
				CLANG_WARN_OBJC_ROOT_CLASS = YES_ERROR;
				CLANG_WARN_QUOTED_INCLUDE_IN_FRAMEWORK_HEADER = YES;
				CLANG_WARN_RANGE_LOOP_ANALYSIS = YES;
				CLANG_WARN_STRICT_PROTOTYPES = YES;
				CLANG_WARN_SUSPICIOUS_MOVE = YES;
				CLANG_WARN_UNGUARDED_AVAILABILITY = YES_AGGRESSIVE;
				CLANG_WARN_UNREACHABLE_CODE = YES;
				CLANG_WARN__DUPLICATE_METHOD_MATCH = YES;
				COPY_PHASE_STRIP = NO;
				DEBUG_INFORMATION_FORMAT = dwarf;
				ENABLE_STRICT_OBJC_MSGSEND = YES;
				ENABLE_TESTABILITY = YES;
				GCC_C_LANGUAGE_STANDARD = gnu11;
				GCC_DYNAMIC_NO_PIC = NO;
				GCC_NO_COMMON_BLOCKS = YES;
				GCC_OPTIMIZATION_LEVEL = 0;
				GCC_PREPROCESSOR_DEFINITIONS = (
					"DEBUG=1",
					"$(inherited)",
				);
				GCC_WARN_64_TO_32_BIT_CONVERSION = YES;
				GCC_WARN_ABOUT_RETURN_TYPE = YES_ERROR;
				GCC_WARN_UNDECLARED_SELECTOR = YES;
				GCC_WARN_UNINITIALIZED_AUTOS = YES_AGGRESSIVE;
				GCC_WARN_UNUSED_FUNCTION = YES;
				GCC_WARN_UNUSED_VARIABLE = YES;
				IPHONEOS_DEPLOYMENT_TARGET = 14.0;
				MTL_ENABLE_DEBUG_INFO = INCLUDE_SOURCE;
				MTL_FAST_MATH = YES;
				ONLY_ACTIVE_ARCH = YES;
				SDKROOT = iphoneos;
				SWIFT_ACTIVE_COMPILATION_CONDITIONS = DEBUG;
				SWIFT_OPTIMIZATION_LEVEL = "-Onone";
			};
			name = Debug;
		};
		ACD28BFA2513816D0093099A /* Release */ = {
			isa = XCBuildConfiguration;
			buildSettings = {
				ALWAYS_SEARCH_USER_PATHS = NO;
				CLANG_ANALYZER_NONNULL = YES;
				CLANG_ANALYZER_NUMBER_OBJECT_CONVERSION = YES_AGGRESSIVE;
				CLANG_CXX_LANGUAGE_STANDARD = "gnu++14";
				CLANG_CXX_LIBRARY = "libc++";
				CLANG_ENABLE_MODULES = YES;
				CLANG_ENABLE_OBJC_ARC = YES;
				CLANG_ENABLE_OBJC_WEAK = YES;
				CLANG_WARN_BLOCK_CAPTURE_AUTORELEASING = YES;
				CLANG_WARN_BOOL_CONVERSION = YES;
				CLANG_WARN_COMMA = YES;
				CLANG_WARN_CONSTANT_CONVERSION = YES;
				CLANG_WARN_DEPRECATED_OBJC_IMPLEMENTATIONS = YES;
				CLANG_WARN_DIRECT_OBJC_ISA_USAGE = YES_ERROR;
				CLANG_WARN_DOCUMENTATION_COMMENTS = YES;
				CLANG_WARN_EMPTY_BODY = YES;
				CLANG_WARN_ENUM_CONVERSION = YES;
				CLANG_WARN_INFINITE_RECURSION = YES;
				CLANG_WARN_INT_CONVERSION = YES;
				CLANG_WARN_NON_LITERAL_NULL_CONVERSION = YES;
				CLANG_WARN_OBJC_IMPLICIT_RETAIN_SELF = YES;
				CLANG_WARN_OBJC_LITERAL_CONVERSION = YES;
				CLANG_WARN_OBJC_ROOT_CLASS = YES_ERROR;
				CLANG_WARN_QUOTED_INCLUDE_IN_FRAMEWORK_HEADER = YES;
				CLANG_WARN_RANGE_LOOP_ANALYSIS = YES;
				CLANG_WARN_STRICT_PROTOTYPES = YES;
				CLANG_WARN_SUSPICIOUS_MOVE = YES;
				CLANG_WARN_UNGUARDED_AVAILABILITY = YES_AGGRESSIVE;
				CLANG_WARN_UNREACHABLE_CODE = YES;
				CLANG_WARN__DUPLICATE_METHOD_MATCH = YES;
				COPY_PHASE_STRIP = NO;
				DEBUG_INFORMATION_FORMAT = "dwarf-with-dsym";
				ENABLE_NS_ASSERTIONS = NO;
				ENABLE_STRICT_OBJC_MSGSEND = YES;
				GCC_C_LANGUAGE_STANDARD = gnu11;
				GCC_NO_COMMON_BLOCKS = YES;
				GCC_WARN_64_TO_32_BIT_CONVERSION = YES;
				GCC_WARN_ABOUT_RETURN_TYPE = YES_ERROR;
				GCC_WARN_UNDECLARED_SELECTOR = YES;
				GCC_WARN_UNINITIALIZED_AUTOS = YES_AGGRESSIVE;
				GCC_WARN_UNUSED_FUNCTION = YES;
				GCC_WARN_UNUSED_VARIABLE = YES;
				IPHONEOS_DEPLOYMENT_TARGET = 14.0;
				MTL_ENABLE_DEBUG_INFO = NO;
				MTL_FAST_MATH = YES;
				SDKROOT = iphoneos;
				SWIFT_COMPILATION_MODE = wholemodule;
				SWIFT_OPTIMIZATION_LEVEL = "-O";
				VALIDATE_PRODUCT = YES;
			};
			name = Release;
		};
		ACD28BFC2513816D0093099A /* Debug */ = {
			isa = XCBuildConfiguration;
			buildSettings = {
				ASSETCATALOG_COMPILER_APPICON_NAME = AppIcon;
				ASSETCATALOG_COMPILER_GLOBAL_ACCENT_COLOR_NAME = AccentColor;
				CODE_SIGN_STYLE = Automatic;
				INFOPLIST_FILE = Operations/Info.plist;
				LD_RUNPATH_SEARCH_PATHS = (
					"$(inherited)",
					"@executable_path/Frameworks",
				);
				PRODUCT_BUNDLE_IDENTIFIER = myTest.Operations;
				PRODUCT_NAME = "$(TARGET_NAME)";
				SWIFT_VERSION = 5.0;
				TARGETED_DEVICE_FAMILY = "1,2";
			};
			name = Debug;
		};
		ACD28BFD2513816D0093099A /* Release */ = {
			isa = XCBuildConfiguration;
			buildSettings = {
				ASSETCATALOG_COMPILER_APPICON_NAME = AppIcon;
				ASSETCATALOG_COMPILER_GLOBAL_ACCENT_COLOR_NAME = AccentColor;
				CODE_SIGN_STYLE = Automatic;
				INFOPLIST_FILE = Operations/Info.plist;
				LD_RUNPATH_SEARCH_PATHS = (
					"$(inherited)",
					"@executable_path/Frameworks",
				);
				PRODUCT_BUNDLE_IDENTIFIER = myTest.Operations;
				PRODUCT_NAME = "$(TARGET_NAME)";
				SWIFT_VERSION = 5.0;
				TARGETED_DEVICE_FAMILY = "1,2";
			};
			name = Release;
		};
/* End XCBuildConfiguration section */

/* Begin XCConfigurationList section */
		ACD28BE22513816C0093099A /* Build configuration list for PBXProject "Operations" */ = {
			isa = XCConfigurationList;
			buildConfigurations = (
				ACD28BF92513816D0093099A /* Debug */,
				ACD28BFA2513816D0093099A /* Release */,
			);
			defaultConfigurationIsVisible = 0;
			defaultConfigurationName = Release;
		};
		ACD28BFB2513816D0093099A /* Build configuration list for PBXNativeTarget "Operations" */ = {
			isa = XCConfigurationList;
			buildConfigurations = (
				ACD28BFC2513816D0093099A /* Debug */,
				ACD28BFD2513816D0093099A /* Release */,
			);
			defaultConfigurationIsVisible = 0;
			defaultConfigurationName = Release;
		};
/* End XCConfigurationList section */
	};
	rootObject = ACD28BDF2513816C0093099A /* Project object */;
}
